// !$*UTF8*$!
{
	archiveVersion = 1;
	classes = {
	};
	objectVersion = 56;
	objects = {

/* Begin PBXBuildFile section */
		942923F32B0E314B000D421A /* Order.swift in Sources */ = {isa = PBXBuildFile; fileRef = 942923F22B0E314A000D421A /* Order.swift */; };
		942F51E82B021407004CDC58 /* AppDelegate.swift in Sources */ = {isa = PBXBuildFile; fileRef = 942F51E72B021407004CDC58 /* AppDelegate.swift */; };
		942F51F12B021408004CDC58 /* Assets.xcassets in Resources */ = {isa = PBXBuildFile; fileRef = 942F51F02B021408004CDC58 /* Assets.xcassets */; };
		942F52002B025359004CDC58 /* MainTabBar.swift in Sources */ = {isa = PBXBuildFile; fileRef = 942F51FF2B025359004CDC58 /* MainTabBar.swift */; };
		943F0D502B149DA700A5629D /* DeleteButton.swift in Sources */ = {isa = PBXBuildFile; fileRef = 943F0D4F2B149DA700A5629D /* DeleteButton.swift */; };
		943F0D532B16076D00A5629D /* IconNamesEnum.swift in Sources */ = {isa = PBXBuildFile; fileRef = 943F0D522B16076D00A5629D /* IconNamesEnum.swift */; };
		943F0D552B16296500A5629D /* IconLabelChevronRowModel.swift in Sources */ = {isa = PBXBuildFile; fileRef = 943F0D542B16296500A5629D /* IconLabelChevronRowModel.swift */; };
		943F0D572B1630DB00A5629D /* IconLabelLabelRowModel.swift in Sources */ = {isa = PBXBuildFile; fileRef = 943F0D562B1630DB00A5629D /* IconLabelLabelRowModel.swift */; };
		9440A5252B1371CA00760D14 /* SettingsVC.swift in Sources */ = {isa = PBXBuildFile; fileRef = 9440A5242B1371CA00760D14 /* SettingsVC.swift */; };
		9440A5272B13728200760D14 /* IconLabelChevronRow.swift in Sources */ = {isa = PBXBuildFile; fileRef = 9440A5262B13728200760D14 /* IconLabelChevronRow.swift */; };
		9440A5292B1372CB00760D14 /* IconLabelLabelRow.swift in Sources */ = {isa = PBXBuildFile; fileRef = 9440A5282B1372CB00760D14 /* IconLabelLabelRow.swift */; };
		9440A52B2B13735600760D14 /* UIView+Layout.swift in Sources */ = {isa = PBXBuildFile; fileRef = 9440A52A2B13735600760D14 /* UIView+Layout.swift */; };
		945344602B03980200C1C9F4 /* OrderCell.swift in Sources */ = {isa = PBXBuildFile; fileRef = 9453445F2B03980200C1C9F4 /* OrderCell.swift */; };
		945344622B0399EE00C1C9F4 /* OrderListVC.swift in Sources */ = {isa = PBXBuildFile; fileRef = 945344612B0399EE00C1C9F4 /* OrderListVC.swift */; };
		949DC5322B09E9A0000D6E91 /* OrderHeaderView.swift in Sources */ = {isa = PBXBuildFile; fileRef = 949DC5312B09E9A0000D6E91 /* OrderHeaderView.swift */; };
		94BA6C192B04A393005B53BB /* PurchasesStatusEnum.swift in Sources */ = {isa = PBXBuildFile; fileRef = 94BA6C182B04A393005B53BB /* PurchasesStatusEnum.swift */; };
		94BA6C1B2B04CE3E005B53BB /* PurchasesStatusIcon.swift in Sources */ = {isa = PBXBuildFile; fileRef = 94BA6C1A2B04CE3E005B53BB /* PurchasesStatusIcon.swift */; };
		94BA6C1D2B06312A005B53BB /* PurchasesInfoLabels.swift in Sources */ = {isa = PBXBuildFile; fileRef = 94BA6C1C2B06312A005B53BB /* PurchasesInfoLabels.swift */; };
		94CD2B782B0B6CBA002433B4 /* OrderListImage.swift in Sources */ = {isa = PBXBuildFile; fileRef = 94CD2B772B0B6CBA002433B4 /* OrderListImage.swift */; };
/* End PBXBuildFile section */

/* Begin PBXFileReference section */
		942923F22B0E314A000D421A /* Order.swift */ = {isa = PBXFileReference; lastKnownFileType = sourcecode.swift; path = Order.swift; sourceTree = "<group>"; };
		942F51E42B021407004CDC58 /* Test-tableView.app */ = {isa = PBXFileReference; explicitFileType = wrapper.application; includeInIndex = 0; path = "Test-tableView.app"; sourceTree = BUILT_PRODUCTS_DIR; };
		942F51E72B021407004CDC58 /* AppDelegate.swift */ = {isa = PBXFileReference; lastKnownFileType = sourcecode.swift; path = AppDelegate.swift; sourceTree = "<group>"; };
		942F51F02B021408004CDC58 /* Assets.xcassets */ = {isa = PBXFileReference; lastKnownFileType = folder.assetcatalog; path = Assets.xcassets; sourceTree = "<group>"; };
		942F51F52B021408004CDC58 /* Info.plist */ = {isa = PBXFileReference; lastKnownFileType = text.plist.xml; path = Info.plist; sourceTree = "<group>"; };
		942F51FF2B025359004CDC58 /* MainTabBar.swift */ = {isa = PBXFileReference; lastKnownFileType = sourcecode.swift; path = MainTabBar.swift; sourceTree = "<group>"; };
		943F0D4F2B149DA700A5629D /* DeleteButton.swift */ = {isa = PBXFileReference; lastKnownFileType = sourcecode.swift; path = DeleteButton.swift; sourceTree = "<group>"; };
		943F0D512B14C12A00A5629D /* TODOS.md */ = {isa = PBXFileReference; lastKnownFileType = net.daringfireball.markdown; path = TODOS.md; sourceTree = "<group>"; };
		943F0D522B16076D00A5629D /* IconNamesEnum.swift */ = {isa = PBXFileReference; lastKnownFileType = sourcecode.swift; path = IconNamesEnum.swift; sourceTree = "<group>"; };
		943F0D542B16296500A5629D /* IconLabelChevronRowModel.swift */ = {isa = PBXFileReference; lastKnownFileType = sourcecode.swift; path = IconLabelChevronRowModel.swift; sourceTree = "<group>"; };
		943F0D562B1630DB00A5629D /* IconLabelLabelRowModel.swift */ = {isa = PBXFileReference; lastKnownFileType = sourcecode.swift; path = IconLabelLabelRowModel.swift; sourceTree = "<group>"; };
		9440A5242B1371CA00760D14 /* SettingsVC.swift */ = {isa = PBXFileReference; lastKnownFileType = sourcecode.swift; path = SettingsVC.swift; sourceTree = "<group>"; };
		9440A5262B13728200760D14 /* IconLabelChevronRow.swift */ = {isa = PBXFileReference; lastKnownFileType = sourcecode.swift; path = IconLabelChevronRow.swift; sourceTree = "<group>"; };
		9440A5282B1372CB00760D14 /* IconLabelLabelRow.swift */ = {isa = PBXFileReference; lastKnownFileType = sourcecode.swift; path = IconLabelLabelRow.swift; sourceTree = "<group>"; };
		9440A52A2B13735600760D14 /* UIView+Layout.swift */ = {isa = PBXFileReference; lastKnownFileType = sourcecode.swift; path = "UIView+Layout.swift"; sourceTree = "<group>"; };
		9453445F2B03980200C1C9F4 /* OrderCell.swift */ = {isa = PBXFileReference; lastKnownFileType = sourcecode.swift; path = OrderCell.swift; sourceTree = "<group>"; };
		945344612B0399EE00C1C9F4 /* OrderListVC.swift */ = {isa = PBXFileReference; lastKnownFileType = sourcecode.swift; path = OrderListVC.swift; sourceTree = "<group>"; };
		949DC5312B09E9A0000D6E91 /* OrderHeaderView.swift */ = {isa = PBXFileReference; lastKnownFileType = sourcecode.swift; path = OrderHeaderView.swift; sourceTree = "<group>"; };
		94BA6C182B04A393005B53BB /* PurchasesStatusEnum.swift */ = {isa = PBXFileReference; lastKnownFileType = sourcecode.swift; path = PurchasesStatusEnum.swift; sourceTree = "<group>"; };
		94BA6C1A2B04CE3E005B53BB /* PurchasesStatusIcon.swift */ = {isa = PBXFileReference; lastKnownFileType = sourcecode.swift; path = PurchasesStatusIcon.swift; sourceTree = "<group>"; };
		94BA6C1C2B06312A005B53BB /* PurchasesInfoLabels.swift */ = {isa = PBXFileReference; lastKnownFileType = sourcecode.swift; path = PurchasesInfoLabels.swift; sourceTree = "<group>"; };
		94CD2B772B0B6CBA002433B4 /* OrderListImage.swift */ = {isa = PBXFileReference; lastKnownFileType = sourcecode.swift; path = OrderListImage.swift; sourceTree = "<group>"; };
/* End PBXFileReference section */

/* Begin PBXFrameworksBuildPhase section */
		942F51E12B021407004CDC58 /* Frameworks */ = {
			isa = PBXFrameworksBuildPhase;
			buildActionMask = 2147483647;
			files = (
			);
			runOnlyForDeploymentPostprocessing = 0;
		};
/* End PBXFrameworksBuildPhase section */

/* Begin PBXGroup section */
		942F51DB2B021407004CDC58 = {
			isa = PBXGroup;
			children = (
				943F0D512B14C12A00A5629D /* TODOS.md */,
				942F51E62B021407004CDC58 /* Test-tableView */,
				942F51E52B021407004CDC58 /* Products */,
			);
			sourceTree = "<group>";
		};
		942F51E52B021407004CDC58 /* Products */ = {
			isa = PBXGroup;
			children = (
				942F51E42B021407004CDC58 /* Test-tableView.app */,
			);
			name = Products;
			sourceTree = "<group>";
		};
		942F51E62B021407004CDC58 /* Test-tableView */ = {
			isa = PBXGroup;
			children = (
				942F51F52B021408004CDC58 /* Info.plist */,
				942F51E72B021407004CDC58 /* AppDelegate.swift */,
				942F51FF2B025359004CDC58 /* MainTabBar.swift */,
				9440A52A2B13735600760D14 /* UIView+Layout.swift */,
				949700062B18700B009F64A9 /* Models */,
				9497000B2B18909D009F64A9 /* OrdersPage */,
				9440A5232B1371A400760D14 /* SettingsPage */,
				942F51FB2B021589004CDC58 /* supporting */,
			);
			path = "Test-tableView";
			sourceTree = "<group>";
		};
		942F51FB2B021589004CDC58 /* supporting */ = {
			isa = PBXGroup;
			children = (
				942F51F02B021408004CDC58 /* Assets.xcassets */,
			);
			path = supporting;
			sourceTree = "<group>";
		};
		9440A5232B1371A400760D14 /* SettingsPage */ = {
			isa = PBXGroup;
			children = (
				9440A5242B1371CA00760D14 /* SettingsVC.swift */,
				9440A52D2B1375A600760D14 /* UIComponents */,
			);
			path = SettingsPage;
			sourceTree = "<group>";
		};
		9440A52D2B1375A600760D14 /* UIComponents */ = {
			isa = PBXGroup;
			children = (
				9440A5262B13728200760D14 /* IconLabelChevronRow.swift */,
				9440A5282B1372CB00760D14 /* IconLabelLabelRow.swift */,
				943F0D4F2B149DA700A5629D /* DeleteButton.swift */,
			);
			path = UIComponents;
			sourceTree = "<group>";
		};
		949700062B18700B009F64A9 /* Models */ = {
			isa = PBXGroup;
			children = (
				949700082B1870B7009F64A9 /* LogicModels */,
				949700072B1870AE009F64A9 /* UIModels */,
			);
			path = Models;
			sourceTree = "<group>";
		};
		949700072B1870AE009F64A9 /* UIModels */ = {
			isa = PBXGroup;
			children = (
				943F0D542B16296500A5629D /* IconLabelChevronRowModel.swift */,
				943F0D562B1630DB00A5629D /* IconLabelLabelRowModel.swift */,
			);
			path = UIModels;
			sourceTree = "<group>";
		};
		949700082B1870B7009F64A9 /* LogicModels */ = {
			isa = PBXGroup;
			children = (
				942923F22B0E314A000D421A /* Order.swift */,
				94BA6C182B04A393005B53BB /* PurchasesStatusEnum.swift */,
			);
			path = LogicModels;
			sourceTree = "<group>";
		};
		9497000B2B18909D009F64A9 /* OrdersPage */ = {
			isa = PBXGroup;
			children = (
				945344612B0399EE00C1C9F4 /* OrderListVC.swift */,
				9497000C2B1890EB009F64A9 /* UIComponents */,
			);
			path = OrdersPage;
			sourceTree = "<group>";
		};
		9497000C2B1890EB009F64A9 /* UIComponents */ = {
			isa = PBXGroup;
			children = (
				94CD2B772B0B6CBA002433B4 /* OrderListImage.swift */,
				94BA6C1A2B04CE3E005B53BB /* PurchasesStatusIcon.swift */,
				94BA6C1C2B06312A005B53BB /* PurchasesInfoLabels.swift */,
				9453445F2B03980200C1C9F4 /* OrderCell.swift */,
				949DC5312B09E9A0000D6E91 /* OrderHeaderView.swift */,
				943F0D522B16076D00A5629D /* IconNamesEnum.swift */,
			);
			path = UIComponents;
			sourceTree = "<group>";
		};
/* End PBXGroup section */

/* Begin PBXNativeTarget section */
		942F51E32B021407004CDC58 /* Test-tableView */ = {
			isa = PBXNativeTarget;
			buildConfigurationList = 942F51F82B021408004CDC58 /* Build configuration list for PBXNativeTarget "Test-tableView" */;
			buildPhases = (
				942F51E02B021407004CDC58 /* Sources */,
				942F51E12B021407004CDC58 /* Frameworks */,
				942F51E22B021407004CDC58 /* Resources */,
			);
			buildRules = (
			);
			dependencies = (
			);
			name = "Test-tableView";
			productName = "Test-tableView";
			productReference = 942F51E42B021407004CDC58 /* Test-tableView.app */;
			productType = "com.apple.product-type.application";
		};
/* End PBXNativeTarget section */

/* Begin PBXProject section */
		942F51DC2B021407004CDC58 /* Project object */ = {
			isa = PBXProject;
			attributes = {
				BuildIndependentTargetsInParallel = 1;
				LastSwiftUpdateCheck = 1430;
				LastUpgradeCheck = 1430;
				TargetAttributes = {
					942F51E32B021407004CDC58 = {
						CreatedOnToolsVersion = 14.3.1;
					};
				};
			};
			buildConfigurationList = 942F51DF2B021407004CDC58 /* Build configuration list for PBXProject "Test-tableView" */;
			compatibilityVersion = "Xcode 14.0";
			developmentRegion = en;
			hasScannedForEncodings = 0;
			knownRegions = (
				en,
				Base,
			);
			mainGroup = 942F51DB2B021407004CDC58;
			productRefGroup = 942F51E52B021407004CDC58 /* Products */;
			projectDirPath = "";
			projectRoot = "";
			targets = (
				942F51E32B021407004CDC58 /* Test-tableView */,
			);
		};
/* End PBXProject section */

/* Begin PBXResourcesBuildPhase section */
		942F51E22B021407004CDC58 /* Resources */ = {
			isa = PBXResourcesBuildPhase;
			buildActionMask = 2147483647;
			files = (
				942F51F12B021408004CDC58 /* Assets.xcassets in Resources */,
			);
			runOnlyForDeploymentPostprocessing = 0;
		};
/* End PBXResourcesBuildPhase section */

/* Begin PBXSourcesBuildPhase section */
		942F51E02B021407004CDC58 /* Sources */ = {
			isa = PBXSourcesBuildPhase;
			buildActionMask = 2147483647;
			files = (
				943F0D532B16076D00A5629D /* IconNamesEnum.swift in Sources */,
				94BA6C192B04A393005B53BB /* PurchasesStatusEnum.swift in Sources */,
				949DC5322B09E9A0000D6E91 /* OrderHeaderView.swift in Sources */,
				942923F32B0E314B000D421A /* Order.swift in Sources */,
				943F0D572B1630DB00A5629D /* IconLabelLabelRowModel.swift in Sources */,
				94BA6C1B2B04CE3E005B53BB /* PurchasesStatusIcon.swift in Sources */,
				9440A5292B1372CB00760D14 /* IconLabelLabelRow.swift in Sources */,
				945344602B03980200C1C9F4 /* OrderCell.swift in Sources */,
				942F52002B025359004CDC58 /* MainTabBar.swift in Sources */,
				943F0D552B16296500A5629D /* IconLabelChevronRowModel.swift in Sources */,
				942F51E82B021407004CDC58 /* AppDelegate.swift in Sources */,
				94CD2B782B0B6CBA002433B4 /* OrderListImage.swift in Sources */,
				94BA6C1D2B06312A005B53BB /* PurchasesInfoLabels.swift in Sources */,
				9440A5272B13728200760D14 /* IconLabelChevronRow.swift in Sources */,
				9440A5252B1371CA00760D14 /* SettingsVC.swift in Sources */,
				9440A52B2B13735600760D14 /* UIView+Layout.swift in Sources */,
				945344622B0399EE00C1C9F4 /* OrderListVC.swift in Sources */,
				943F0D502B149DA700A5629D /* DeleteButton.swift in Sources */,
			);
			runOnlyForDeploymentPostprocessing = 0;
		};
/* End PBXSourcesBuildPhase section */

/* Begin XCBuildConfiguration section */
		942F51F62B021408004CDC58 /* Debug */ = {
			isa = XCBuildConfiguration;
			buildSettings = {
				ALWAYS_SEARCH_USER_PATHS = NO;
				CLANG_ANALYZER_NONNULL = YES;
				CLANG_ANALYZER_NUMBER_OBJECT_CONVERSION = YES_AGGRESSIVE;
				CLANG_CXX_LANGUAGE_STANDARD = "gnu++20";
				CLANG_ENABLE_MODULES = YES;
				CLANG_ENABLE_OBJC_ARC = YES;
				CLANG_ENABLE_OBJC_WEAK = YES;
				CLANG_WARN_BLOCK_CAPTURE_AUTORELEASING = YES;
				CLANG_WARN_BOOL_CONVERSION = YES;
				CLANG_WARN_COMMA = YES;
				CLANG_WARN_CONSTANT_CONVERSION = YES;
				CLANG_WARN_DEPRECATED_OBJC_IMPLEMENTATIONS = YES;
				CLANG_WARN_DIRECT_OBJC_ISA_USAGE = YES_ERROR;
				CLANG_WARN_DOCUMENTATION_COMMENTS = YES;
				CLANG_WARN_EMPTY_BODY = YES;
				CLANG_WARN_ENUM_CONVERSION = YES;
				CLANG_WARN_INFINITE_RECURSION = YES;
				CLANG_WARN_INT_CONVERSION = YES;
				CLANG_WARN_NON_LITERAL_NULL_CONVERSION = YES;
				CLANG_WARN_OBJC_IMPLICIT_RETAIN_SELF = YES;
				CLANG_WARN_OBJC_LITERAL_CONVERSION = YES;
				CLANG_WARN_OBJC_ROOT_CLASS = YES_ERROR;
				CLANG_WARN_QUOTED_INCLUDE_IN_FRAMEWORK_HEADER = YES;
				CLANG_WARN_RANGE_LOOP_ANALYSIS = YES;
				CLANG_WARN_STRICT_PROTOTYPES = YES;
				CLANG_WARN_SUSPICIOUS_MOVE = YES;
				CLANG_WARN_UNGUARDED_AVAILABILITY = YES_AGGRESSIVE;
				CLANG_WARN_UNREACHABLE_CODE = YES;
				CLANG_WARN__DUPLICATE_METHOD_MATCH = YES;
				COPY_PHASE_STRIP = NO;
				DEBUG_INFORMATION_FORMAT = dwarf;
				ENABLE_STRICT_OBJC_MSGSEND = YES;
				ENABLE_TESTABILITY = YES;
				GCC_C_LANGUAGE_STANDARD = gnu11;
				GCC_DYNAMIC_NO_PIC = NO;
				GCC_NO_COMMON_BLOCKS = YES;
				GCC_OPTIMIZATION_LEVEL = 0;
				GCC_PREPROCESSOR_DEFINITIONS = (
					"DEBUG=1",
					"$(inherited)",
				);
				GCC_WARN_64_TO_32_BIT_CONVERSION = YES;
				GCC_WARN_ABOUT_RETURN_TYPE = YES_ERROR;
				GCC_WARN_UNDECLARED_SELECTOR = YES;
				GCC_WARN_UNINITIALIZED_AUTOS = YES_AGGRESSIVE;
				GCC_WARN_UNUSED_FUNCTION = YES;
				GCC_WARN_UNUSED_VARIABLE = YES;
				IPHONEOS_DEPLOYMENT_TARGET = 16.4;
				MTL_ENABLE_DEBUG_INFO = INCLUDE_SOURCE;
				MTL_FAST_MATH = YES;
				ONLY_ACTIVE_ARCH = YES;
				SDKROOT = iphoneos;
				SWIFT_ACTIVE_COMPILATION_CONDITIONS = DEBUG;
				SWIFT_OPTIMIZATION_LEVEL = "-Onone";
			};
			name = Debug;
		};
		942F51F72B021408004CDC58 /* Release */ = {
			isa = XCBuildConfiguration;
			buildSettings = {
				ALWAYS_SEARCH_USER_PATHS = NO;
				CLANG_ANALYZER_NONNULL = YES;
				CLANG_ANALYZER_NUMBER_OBJECT_CONVERSION = YES_AGGRESSIVE;
				CLANG_CXX_LANGUAGE_STANDARD = "gnu++20";
				CLANG_ENABLE_MODULES = YES;
				CLANG_ENABLE_OBJC_ARC = YES;
				CLANG_ENABLE_OBJC_WEAK = YES;
				CLANG_WARN_BLOCK_CAPTURE_AUTORELEASING = YES;
				CLANG_WARN_BOOL_CONVERSION = YES;
				CLANG_WARN_COMMA = YES;
				CLANG_WARN_CONSTANT_CONVERSION = YES;
				CLANG_WARN_DEPRECATED_OBJC_IMPLEMENTATIONS = YES;
				CLANG_WARN_DIRECT_OBJC_ISA_USAGE = YES_ERROR;
				CLANG_WARN_DOCUMENTATION_COMMENTS = YES;
				CLANG_WARN_EMPTY_BODY = YES;
				CLANG_WARN_ENUM_CONVERSION = YES;
				CLANG_WARN_INFINITE_RECURSION = YES;
				CLANG_WARN_INT_CONVERSION = YES;
				CLANG_WARN_NON_LITERAL_NULL_CONVERSION = YES;
				CLANG_WARN_OBJC_IMPLICIT_RETAIN_SELF = YES;
				CLANG_WARN_OBJC_LITERAL_CONVERSION = YES;
				CLANG_WARN_OBJC_ROOT_CLASS = YES_ERROR;
				CLANG_WARN_QUOTED_INCLUDE_IN_FRAMEWORK_HEADER = YES;
				CLANG_WARN_RANGE_LOOP_ANALYSIS = YES;
				CLANG_WARN_STRICT_PROTOTYPES = YES;
				CLANG_WARN_SUSPICIOUS_MOVE = YES;
				CLANG_WARN_UNGUARDED_AVAILABILITY = YES_AGGRESSIVE;
				CLANG_WARN_UNREACHABLE_CODE = YES;
				CLANG_WARN__DUPLICATE_METHOD_MATCH = YES;
				COPY_PHASE_STRIP = NO;
				DEBUG_INFORMATION_FORMAT = "dwarf-with-dsym";
				ENABLE_NS_ASSERTIONS = NO;
				ENABLE_STRICT_OBJC_MSGSEND = YES;
				GCC_C_LANGUAGE_STANDARD = gnu11;
				GCC_NO_COMMON_BLOCKS = YES;
				GCC_WARN_64_TO_32_BIT_CONVERSION = YES;
				GCC_WARN_ABOUT_RETURN_TYPE = YES_ERROR;
				GCC_WARN_UNDECLARED_SELECTOR = YES;
				GCC_WARN_UNINITIALIZED_AUTOS = YES_AGGRESSIVE;
				GCC_WARN_UNUSED_FUNCTION = YES;
				GCC_WARN_UNUSED_VARIABLE = YES;
				IPHONEOS_DEPLOYMENT_TARGET = 16.4;
				MTL_ENABLE_DEBUG_INFO = NO;
				MTL_FAST_MATH = YES;
				SDKROOT = iphoneos;
				SWIFT_COMPILATION_MODE = wholemodule;
				SWIFT_OPTIMIZATION_LEVEL = "-O";
				VALIDATE_PRODUCT = YES;
			};
			name = Release;
		};
		942F51F92B021408004CDC58 /* Debug */ = {
			isa = XCBuildConfiguration;
			buildSettings = {
				ASSETCATALOG_COMPILER_APPICON_NAME = AppIcon;
				ASSETCATALOG_COMPILER_GLOBAL_ACCENT_COLOR_NAME = AccentColor;
				CODE_SIGN_STYLE = Automatic;
				CURRENT_PROJECT_VERSION = 1;
				GENERATE_INFOPLIST_FILE = YES;
				INFOPLIST_FILE = "Test-tableView/Info.plist";
				INFOPLIST_KEY_UIApplicationSupportsIndirectInputEvents = YES;
				INFOPLIST_KEY_UILaunchStoryboardName = LaunchScreen;
				INFOPLIST_KEY_UISupportedInterfaceOrientations_iPad = "UIInterfaceOrientationPortrait UIInterfaceOrientationPortraitUpsideDown UIInterfaceOrientationLandscapeLeft UIInterfaceOrientationLandscapeRight";
				INFOPLIST_KEY_UISupportedInterfaceOrientations_iPhone = "UIInterfaceOrientationPortrait UIInterfaceOrientationLandscapeLeft UIInterfaceOrientationLandscapeRight";
				LD_RUNPATH_SEARCH_PATHS = (
					"$(inherited)",
					"@executable_path/Frameworks",
				);
				MARKETING_VERSION = 1.0;
				PRODUCT_BUNDLE_IDENTIFIER = "com.manny.es22-gmail.Test-tableView";
				PRODUCT_NAME = "$(TARGET_NAME)";
				SWIFT_EMIT_LOC_STRINGS = YES;
				SWIFT_VERSION = 5.0;
				TARGETED_DEVICE_FAMILY = "1,2";
			};
			name = Debug;
		};
		942F51FA2B021408004CDC58 /* Release */ = {
			isa = XCBuildConfiguration;
			buildSettings = {
				ASSETCATALOG_COMPILER_APPICON_NAME = AppIcon;
				ASSETCATALOG_COMPILER_GLOBAL_ACCENT_COLOR_NAME = AccentColor;
				CODE_SIGN_STYLE = Automatic;
				CURRENT_PROJECT_VERSION = 1;
				GENERATE_INFOPLIST_FILE = YES;
				INFOPLIST_FILE = "Test-tableView/Info.plist";
				INFOPLIST_KEY_UIApplicationSupportsIndirectInputEvents = YES;
				INFOPLIST_KEY_UILaunchStoryboardName = LaunchScreen;
				INFOPLIST_KEY_UISupportedInterfaceOrientations_iPad = "UIInterfaceOrientationPortrait UIInterfaceOrientationPortraitUpsideDown UIInterfaceOrientationLandscapeLeft UIInterfaceOrientationLandscapeRight";
				INFOPLIST_KEY_UISupportedInterfaceOrientations_iPhone = "UIInterfaceOrientationPortrait UIInterfaceOrientationLandscapeLeft UIInterfaceOrientationLandscapeRight";
				LD_RUNPATH_SEARCH_PATHS = (
					"$(inherited)",
					"@executable_path/Frameworks",
				);
				MARKETING_VERSION = 1.0;
				PRODUCT_BUNDLE_IDENTIFIER = "com.manny.es22-gmail.Test-tableView";
				PRODUCT_NAME = "$(TARGET_NAME)";
				SWIFT_EMIT_LOC_STRINGS = YES;
				SWIFT_VERSION = 5.0;
				TARGETED_DEVICE_FAMILY = "1,2";
			};
			name = Release;
		};
/* End XCBuildConfiguration section */

/* Begin XCConfigurationList section */
		942F51DF2B021407004CDC58 /* Build configuration list for PBXProject "Test-tableView" */ = {
			isa = XCConfigurationList;
			buildConfigurations = (
				942F51F62B021408004CDC58 /* Debug */,
				942F51F72B021408004CDC58 /* Release */,
			);
			defaultConfigurationIsVisible = 0;
			defaultConfigurationName = Release;
		};
		942F51F82B021408004CDC58 /* Build configuration list for PBXNativeTarget "Test-tableView" */ = {
			isa = XCConfigurationList;
			buildConfigurations = (
				942F51F92B021408004CDC58 /* Debug */,
				942F51FA2B021408004CDC58 /* Release */,
			);
			defaultConfigurationIsVisible = 0;
			defaultConfigurationName = Release;
		};
/* End XCConfigurationList section */
	};
	rootObject = 942F51DC2B021407004CDC58 /* Project object */;
}
